
Microsoft Visual Studio Solution File, Format Version 12.00
Project("{FAE04EC0-301F-11D3-BF4B-00C04F79EFBC}") = "apbd-app2", "apbd-app2\apbd-app2.csproj", "{69B66570-5661-4843-BF50-D5B4F6A0EB2D}"
EndProject
Global
	GlobalSection(SolutionConfigurationPlatforms) = preSolution
		Debug|Any CPU = Debug|Any CPU
		Release|Any CPU = Release|Any CPU
	EndGlobalSection
	GlobalSection(ProjectConfigurationPlatforms) = postSolution
		{69B66570-5661-4843-BF50-D5B4F6A0EB2D}.Debug|Any CPU.ActiveCfg = Debug|Any CPU
		{69B66570-5661-4843-BF50-D5B4F6A0EB2D}.Debug|Any CPU.Build.0 = Debug|Any CPU
		{69B66570-5661-4843-BF50-D5B4F6A0EB2D}.Release|Any CPU.ActiveCfg = Release|Any CPU
		{69B66570-5661-4843-BF50-D5B4F6A0EB2D}.Release|Any CPU.Build.0 = Release|Any CPU
	EndGlobalSection
EndGlobal
